
Microsoft Visual Studio Solution File, Format Version 12.00
# Visual Studio 15
VisualStudioVersion = 15.0.28010.2041
MinimumVisualStudioVersion = 10.0.40219.1
Project("{FAE04EC0-301F-11D3-BF4B-00C04F79EFBC}") = "SSS.ImageAnnotater", "SSS.ImageAnnotater\SSS.ImageAnnotater.csproj", "{8463F0DE-7977-4B15-B91B-CB85AAF0B209}"
EndProject
Global
	GlobalSection(SolutionConfigurationPlatforms) = preSolution
		Debug|Any CPU = Debug|Any CPU
		Release|Any CPU = Release|Any CPU
	EndGlobalSection
	GlobalSection(ProjectConfigurationPlatforms) = postSolution
		{8463F0DE-7977-4B15-B91B-CB85AAF0B209}.Debug|Any CPU.ActiveCfg = Debug|Any CPU
		{8463F0DE-7977-4B15-B91B-CB85AAF0B209}.Debug|Any CPU.Build.0 = Debug|Any CPU
		{8463F0DE-7977-4B15-B91B-CB85AAF0B209}.Release|Any CPU.ActiveCfg = Release|Any CPU
		{8463F0DE-7977-4B15-B91B-CB85AAF0B209}.Release|Any CPU.Build.0 = Release|Any CPU
	EndGlobalSection
	GlobalSection(SolutionProperties) = preSolution
		HideSolutionNode = FALSE
	EndGlobalSection
	GlobalSection(ExtensibilityGlobals) = postSolution
		SolutionGuid = {AE5607EF-AC6B-4C37-8E1C-0D94F3852B30}
	EndGlobalSection
EndGlobal
